<?xml version="1.0" encoding="utf-8"?>
<Project ToolsVersion="4.0" xmlns="http://schemas.microsoft.com/developer/msbuild/2003">
  <ItemGroup>
    <Filter Include="Source Files">
      <UniqueIdentifier>{B973673B-4507-45E5-AFB8-9E5869248584}</UniqueIdentifier>
      <Extensions>cpp;c;cxx;rc;def;r;odl;idl;hpj;bat</Extensions>
    </Filter>
    <Filter Include="Header Files">
      <UniqueIdentifier>{CB249D61-8633-4CCA-96D0-61A95195F66B}</UniqueIdentifier>
      <Extensions>h;hpp;hxx;hm;inl</Extensions>
    </Filter>
    <Filter Include="moc">
      <UniqueIdentifier>{5da3c53f-e781-4d36-b7e1-ca13f2753519}</UniqueIdentifier>
    </Filter>
  </ItemGroup>
  <ItemGroup>
    <ClCompile Include="ModuleManager.cpp">
      <Filter>Source Files</Filter>
    </ClCompile>
    <ClCompile Include="ImageRegistration.cpp">
      <Filter>Source Files</Filter>
    </ClCompile>
    <ClCompile Include="LocalSharpening.cpp">
      <Filter>Source Files</Filter>
    </ClCompile>
    <ClCompile Include="LocalSharpeningDlg.cpp">
      <Filter>Source Files</Filter>
    </ClCompile>
    <ClCompile Include="WaveletKSigmaDlg.cpp">
      <Filter>Source Files</Filter>
    </ClCompile>
    <ClCompile Include="WaveletKSigmaFilter.cpp">
      <Filter>Source Files</Filter>
    </ClCompile>
    <ClCompile Include="waveletlib.cpp">
      <Filter>Source Files</Filter>
    </ClCompile>
    <ClCompile Include="BrightnessMeasurement.cpp">
      <Filter>Source Files</Filter>
    </ClCompile>
    <ClCompile Include="BrightnessMeasurementDlg.cpp">
      <Filter>Source Files</Filter>
    </ClCompile>
    <ClCompile Include="Deconvolution.cpp">
      <Filter>Source Files</Filter>
    </ClCompile>
    <ClCompile Include="DeconvolutionDlg.cpp">
      <Filter>Source Files</Filter>
    </ClCompile>
    <ClCompile Include="HistogramShaping.cpp">
      <Filter>Source Files</Filter>
    </ClCompile>
    <ClCompile Include="HistogramShapingDlg.cpp">
      <Filter>Source Files</Filter>
    </ClCompile>
    <ClCompile Include="$(BuildDir)\Moc\$(ProjectName)\moc_HistogramShapingDlg.cpp">
      <Filter>moc</Filter>
    </ClCompile>
    <ClCompile Include="$(BuildDir)\Moc\$(ProjectName)\moc_LocalSharpeningDlg.cpp">
      <Filter>moc</Filter>
    </ClCompile>
    <ClCompile Include="$(BuildDir)\Moc\$(ProjectName)\moc_WaveletKSigmaDlg.cpp">
      <Filter>moc</Filter>
    </ClCompile>
    <ClCompile Include="$(BuildDir)\Moc\$(ProjectName)\moc_DeconvolutionDlg.cpp">
      <Filter>moc</Filter>
    </ClCompile>
    <ClCompile Include="$(BuildDir)\Moc\$(ProjectName)\moc_BrightnessMeasurementDlg.cpp">
      <Filter>moc</Filter>
    </ClCompile>
  </ItemGroup>
  <ItemGroup>
    <ClInclude Include="HistogramShaping.h">
      <Filter>Header Files</Filter>
    </ClInclude>
    <ClInclude Include="ImageRegistration.h">
      <Filter>Header Files</Filter>
    </ClInclude>
    <ClInclude Include="LocalSharpening.h">
      <Filter>Header Files</Filter>
    </ClInclude>
    <ClInclude Include="WaveletKSigmaFilter.h">
      <Filter>Header Files</Filter>
    </ClInclude>
    <ClInclude Include="waveletlib.h">
      <Filter>Header Files</Filter>
    </ClInclude>
    <ClInclude Include="BrightnessMeasurement.h">
      <Filter>Header Files</Filter>
    </ClInclude>
    <ClInclude Include="Deconvolution.h">
      <Filter>Header Files</Filter>
    </ClInclude>
  </ItemGroup>
  <ItemGroup>
    <CustomBuild Include="BrightnessMeasurementDlg.h">
      <Filter>Header Files</Filter>
    </CustomBuild>
    <CustomBuild Include="DeconvolutionDlg.h">
      <Filter>Header Files</Filter>
    </CustomBuild>
    <CustomBuild Include="HistogramShapingDlg.h">
      <Filter>Header Files</Filter>
    </CustomBuild>
    <CustomBuild Include="LocalSharpeningDlg.h">
      <Filter>Header Files</Filter>
    </CustomBuild>
    <CustomBuild Include="WaveletKSigmaDlg.h">
      <Filter>Header Files</Filter>
    </CustomBuild>
  </ItemGroup>
</Project>
